// !$*UTF8*$!
{
	archiveVersion = 1;
	classes = {
	};
	objectVersion = 46;
	objects = {

/* Begin PBXBuildFile section */
		6508F916163A015D009222BB /* JavaNativeFoundation.framework in Frameworks */ = {isa = PBXBuildFile; fileRef = 6508F914163A015D009222BB /* JavaNativeFoundation.framework */; };
		6508F918163A2D97009222BB /* Application.xib in Resources */ = {isa = PBXBuildFile; fileRef = 65A0F1691639C4640036209C /* Application.xib */; };
		65152908163458B4002A41D8 /* Cocoa.framework in Frameworks */ = {isa = PBXBuildFile; fileRef = 65152907163458B4002A41D8 /* Cocoa.framework */; };
		65152912163458B4002A41D8 /* libjcocoa.m in Sources */ = {isa = PBXBuildFile; fileRef = 65152911163458B4002A41D8 /* libjcocoa.m */; };
		6515291A163458B4002A41D8 /* SenTestingKit.framework in Frameworks */ = {isa = PBXBuildFile; fileRef = 65152919163458B4002A41D8 /* SenTestingKit.framework */; };
		6515291B163458B4002A41D8 /* Cocoa.framework in Frameworks */ = {isa = PBXBuildFile; fileRef = 65152907163458B4002A41D8 /* Cocoa.framework */; };
		6515291E163458B4002A41D8 /* libjcocoa.dylib in Frameworks */ = {isa = PBXBuildFile; fileRef = 65152904163458B4002A41D8 /* libjcocoa.dylib */; };
		65152924163458B4002A41D8 /* InfoPlist.strings in Resources */ = {isa = PBXBuildFile; fileRef = 65152922163458B4002A41D8 /* InfoPlist.strings */; };
		65152927163458B4002A41D8 /* libjcocoaTests.m in Sources */ = {isa = PBXBuildFile; fileRef = 65152926163458B4002A41D8 /* libjcocoaTests.m */; };
		65152932163458E2002A41D8 /* WLJavaProxy.h in Headers */ = {isa = PBXBuildFile; fileRef = 65152930163458E2002A41D8 /* WLJavaProxy.h */; };
		65152933163458E2002A41D8 /* WLJavaProxy.m in Sources */ = {isa = PBXBuildFile; fileRef = 65152931163458E2002A41D8 /* WLJavaProxy.m */; };
		651529461634837A002A41D8 /* jnaexample_NativeClient_Setup.h in Headers */ = {isa = PBXBuildFile; fileRef = 651529441634837A002A41D8 /* jnaexample_NativeClient_Setup.h */; };
		651529471634837A002A41D8 /* jnaexample_NativeClient_Setup.m in Sources */ = {isa = PBXBuildFile; fileRef = 651529451634837A002A41D8 /* jnaexample_NativeClient_Setup.m */; };
		83CD42CB22A6CE3800F857EC /* JavaUtil.m in Sources */ = {isa = PBXBuildFile; fileRef = 83CD42CA22A6CE3800F857EC /* JavaUtil.m */; };
		83CD42D022A6CEA300F857EC /* jni.h in Headers */ = {isa = PBXBuildFile; fileRef = 83CD42CE22A6CEA300F857EC /* jni.h */; };
		83CD42D122A6CEA300F857EC /* jni_md.h in Headers */ = {isa = PBXBuildFile; fileRef = 83CD42CF22A6CEA300F857EC /* jni_md.h */; };
/* End PBXBuildFile section */

/* Begin PBXContainerItemProxy section */
		6515291C163458B4002A41D8 /* PBXContainerItemProxy */ = {
			isa = PBXContainerItemProxy;
			containerPortal = 651528FB163458B4002A41D8 /* Project object */;
			proxyType = 1;
			remoteGlobalIDString = 65152903163458B4002A41D8;
			remoteInfo = libjcocoa;
		};
/* End PBXContainerItemProxy section */

/* Begin PBXFileReference section */
		6508F914163A015D009222BB /* JavaNativeFoundation.framework */ = {isa = PBXFileReference; lastKnownFileType = wrapper.framework; path = JavaNativeFoundation.framework; sourceTree = "<group>"; };
		65152904163458B4002A41D8 /* libjcocoa.dylib */ = {isa = PBXFileReference; explicitFileType = "compiled.mach-o.dylib"; includeInIndex = 0; path = libjcocoa.dylib; sourceTree = BUILT_PRODUCTS_DIR; };
		65152907163458B4002A41D8 /* Cocoa.framework */ = {isa = PBXFileReference; lastKnownFileType = wrapper.framework; name = Cocoa.framework; path = System/Library/Frameworks/Cocoa.framework; sourceTree = SDKROOT; };
		6515290A163458B4002A41D8 /* AppKit.framework */ = {isa = PBXFileReference; lastKnownFileType = wrapper.framework; name = AppKit.framework; path = System/Library/Frameworks/AppKit.framework; sourceTree = SDKROOT; };
		6515290B163458B4002A41D8 /* CoreData.framework */ = {isa = PBXFileReference; lastKnownFileType = wrapper.framework; name = CoreData.framework; path = System/Library/Frameworks/CoreData.framework; sourceTree = SDKROOT; };
		6515290C163458B4002A41D8 /* Foundation.framework */ = {isa = PBXFileReference; lastKnownFileType = wrapper.framework; name = Foundation.framework; path = System/Library/Frameworks/Foundation.framework; sourceTree = SDKROOT; };
		6515290F163458B4002A41D8 /* libjcocoa-Prefix.pch */ = {isa = PBXFileReference; lastKnownFileType = sourcecode.c.h; path = "libjcocoa-Prefix.pch"; sourceTree = "<group>"; };
		65152910163458B4002A41D8 /* libjcocoa.h */ = {isa = PBXFileReference; lastKnownFileType = sourcecode.c.h; path = libjcocoa.h; sourceTree = "<group>"; };
		65152911163458B4002A41D8 /* libjcocoa.m */ = {isa = PBXFileReference; lastKnownFileType = sourcecode.c.objc; path = libjcocoa.m; sourceTree = "<group>"; };
		65152918163458B4002A41D8 /* libjcocoaTests.octest */ = {isa = PBXFileReference; explicitFileType = wrapper.cfbundle; includeInIndex = 0; path = libjcocoaTests.octest; sourceTree = BUILT_PRODUCTS_DIR; };
		65152919163458B4002A41D8 /* SenTestingKit.framework */ = {isa = PBXFileReference; lastKnownFileType = wrapper.framework; name = SenTestingKit.framework; path = Library/Frameworks/SenTestingKit.framework; sourceTree = DEVELOPER_DIR; };
		65152921163458B4002A41D8 /* libjcocoaTests-Info.plist */ = {isa = PBXFileReference; lastKnownFileType = text.plist.xml; path = "libjcocoaTests-Info.plist"; sourceTree = "<group>"; };
		65152923163458B4002A41D8 /* en */ = {isa = PBXFileReference; lastKnownFileType = text.plist.strings; name = en; path = en.lproj/InfoPlist.strings; sourceTree = "<group>"; };
		65152925163458B4002A41D8 /* libjcocoaTests.h */ = {isa = PBXFileReference; lastKnownFileType = sourcecode.c.h; path = libjcocoaTests.h; sourceTree = "<group>"; };
		65152926163458B4002A41D8 /* libjcocoaTests.m */ = {isa = PBXFileReference; lastKnownFileType = sourcecode.c.objc; path = libjcocoaTests.m; sourceTree = "<group>"; };
		65152930163458E2002A41D8 /* WLJavaProxy.h */ = {isa = PBXFileReference; fileEncoding = 4; lastKnownFileType = sourcecode.c.h; path = WLJavaProxy.h; sourceTree = "<group>"; };
		65152931163458E2002A41D8 /* WLJavaProxy.m */ = {isa = PBXFileReference; fileEncoding = 4; lastKnownFileType = sourcecode.c.objc; path = WLJavaProxy.m; sourceTree = "<group>"; };
		651529441634837A002A41D8 /* jnaexample_NativeClient_Setup.h */ = {isa = PBXFileReference; fileEncoding = 4; lastKnownFileType = sourcecode.c.h; path = jnaexample_NativeClient_Setup.h; sourceTree = "<group>"; };
		651529451634837A002A41D8 /* jnaexample_NativeClient_Setup.m */ = {isa = PBXFileReference; fileEncoding = 4; lastKnownFileType = sourcecode.c.objc; path = jnaexample_NativeClient_Setup.m; sourceTree = "<group>"; };
		65A0F1671639C1630036209C /* Window.xib */ = {isa = PBXFileReference; fileEncoding = 4; lastKnownFileType = file.xib; path = Window.xib; sourceTree = "<group>"; };
		65A0F1691639C4640036209C /* Application.xib */ = {isa = PBXFileReference; fileEncoding = 4; lastKnownFileType = file.xib; path = Application.xib; sourceTree = "<group>"; };
		83CD42C922A6CE1000F857EC /* JavaUtil.h */ = {isa = PBXFileReference; lastKnownFileType = sourcecode.c.h; path = JavaUtil.h; sourceTree = "<group>"; };
		83CD42CA22A6CE3800F857EC /* JavaUtil.m */ = {isa = PBXFileReference; lastKnownFileType = sourcecode.c.objc; path = JavaUtil.m; sourceTree = "<group>"; };
		83CD42CC22A6CE8700F857EC /* Info.plist */ = {isa = PBXFileReference; lastKnownFileType = text.plist; name = Info.plist; path = "../../../../../../Library/Java/JavaVirtualMachines/openjdk-11.0.2.jdk/Contents/Info.plist"; sourceTree = "<group>"; };
		83CD42CE22A6CEA300F857EC /* jni.h */ = {isa = PBXFileReference; lastKnownFileType = sourcecode.c.h; path = jni.h; sourceTree = "<group>"; };
		83CD42CF22A6CEA300F857EC /* jni_md.h */ = {isa = PBXFileReference; lastKnownFileType = sourcecode.c.h; path = jni_md.h; sourceTree = "<group>"; };
/* End PBXFileReference section */

/* Begin PBXFrameworksBuildPhase section */
		65152901163458B4002A41D8 /* Frameworks */ = {
			isa = PBXFrameworksBuildPhase;
			buildActionMask = 2147483647;
			files = (
				65152908163458B4002A41D8 /* Cocoa.framework in Frameworks */,
				6508F916163A015D009222BB /* JavaNativeFoundation.framework in Frameworks */,
			);
			runOnlyForDeploymentPostprocessing = 0;
		};
		65152914163458B4002A41D8 /* Frameworks */ = {
			isa = PBXFrameworksBuildPhase;
			buildActionMask = 2147483647;
			files = (
				6515291A163458B4002A41D8 /* SenTestingKit.framework in Frameworks */,
				6515291B163458B4002A41D8 /* Cocoa.framework in Frameworks */,
				6515291E163458B4002A41D8 /* libjcocoa.dylib in Frameworks */,
			);
			runOnlyForDeploymentPostprocessing = 0;
		};
/* End PBXFrameworksBuildPhase section */

/* Begin PBXGroup section */
		6508F913163A015D009222BB /* Frameworks */ = {
			isa = PBXGroup;
			children = (
				6508F914163A015D009222BB /* JavaNativeFoundation.framework */,
			);
			name = Frameworks;
			path = ../../../../../../System/Library/Frameworks/JavaVM.framework/Versions/A/Frameworks;
			sourceTree = "<group>";
		};
		651528F9163458B4002A41D8 = {
			isa = PBXGroup;
			children = (
				83CD42CC22A6CE8700F857EC /* Info.plist */,
				6515290D163458B4002A41D8 /* libjcocoa */,
				6515291F163458B4002A41D8 /* libjcocoaTests */,
				65152906163458B4002A41D8 /* Frameworks */,
				65152905163458B4002A41D8 /* Products */,
			);
			sourceTree = "<group>";
		};
		65152905163458B4002A41D8 /* Products */ = {
			isa = PBXGroup;
			children = (
				65152904163458B4002A41D8 /* libjcocoa.dylib */,
				65152918163458B4002A41D8 /* libjcocoaTests.octest */,
			);
			name = Products;
			sourceTree = "<group>";
		};
		65152906163458B4002A41D8 /* Frameworks */ = {
			isa = PBXGroup;
			children = (
				6508F913163A015D009222BB /* Frameworks */,
				65152907163458B4002A41D8 /* Cocoa.framework */,
				65152919163458B4002A41D8 /* SenTestingKit.framework */,
				65152909163458B4002A41D8 /* Other Frameworks */,
			);
			name = Frameworks;
			sourceTree = "<group>";
		};
		65152909163458B4002A41D8 /* Other Frameworks */ = {
			isa = PBXGroup;
			children = (
				6515290A163458B4002A41D8 /* AppKit.framework */,
				6515290B163458B4002A41D8 /* CoreData.framework */,
				6515290C163458B4002A41D8 /* Foundation.framework */,
			);
			name = "Other Frameworks";
			sourceTree = "<group>";
		};
		6515290D163458B4002A41D8 /* libjcocoa */ = {
			isa = PBXGroup;
			children = (
				6515290E163458B4002A41D8 /* Supporting Files */,
				83CD42C922A6CE1000F857EC /* JavaUtil.h */,
				83CD42CA22A6CE3800F857EC /* JavaUtil.m */,
				651529441634837A002A41D8 /* jnaexample_NativeClient_Setup.h */,
				651529451634837A002A41D8 /* jnaexample_NativeClient_Setup.m */,
				65152910163458B4002A41D8 /* libjcocoa.h */,
				65152911163458B4002A41D8 /* libjcocoa.m */,
				65152930163458E2002A41D8 /* WLJavaProxy.h */,
				65152931163458E2002A41D8 /* WLJavaProxy.m */,
				65A0F1671639C1630036209C /* Window.xib */,
				65A0F1691639C4640036209C /* Application.xib */,
			);
			path = libjcocoa;
			sourceTree = "<group>";
		};
		6515290E163458B4002A41D8 /* Supporting Files */ = {
			isa = PBXGroup;
			children = (
				83CD42CF22A6CEA300F857EC /* jni_md.h */,
				83CD42CE22A6CEA300F857EC /* jni.h */,
				6515290F163458B4002A41D8 /* libjcocoa-Prefix.pch */,
			);
			name = "Supporting Files";
			sourceTree = "<group>";
		};
		6515291F163458B4002A41D8 /* libjcocoaTests */ = {
			isa = PBXGroup;
			children = (
				65152920163458B4002A41D8 /* Supporting Files */,
				65152925163458B4002A41D8 /* libjcocoaTests.h */,
				65152926163458B4002A41D8 /* libjcocoaTests.m */,
			);
			path = libjcocoaTests;
			sourceTree = "<group>";
		};
		65152920163458B4002A41D8 /* Supporting Files */ = {
			isa = PBXGroup;
			children = (
				65152921163458B4002A41D8 /* libjcocoaTests-Info.plist */,
				65152922163458B4002A41D8 /* InfoPlist.strings */,
			);
			name = "Supporting Files";
			sourceTree = "<group>";
		};
/* End PBXGroup section */

/* Begin PBXHeadersBuildPhase section */
		65152902163458B4002A41D8 /* Headers */ = {
			isa = PBXHeadersBuildPhase;
			buildActionMask = 2147483647;
			files = (
				83CD42D022A6CEA300F857EC /* jni.h in Headers */,
				83CD42D122A6CEA300F857EC /* jni_md.h in Headers */,
				65152932163458E2002A41D8 /* WLJavaProxy.h in Headers */,
				651529461634837A002A41D8 /* jnaexample_NativeClient_Setup.h in Headers */,
			);
			runOnlyForDeploymentPostprocessing = 0;
		};
/* End PBXHeadersBuildPhase section */

/* Begin PBXNativeTarget section */
		65152903163458B4002A41D8 /* libjcocoa */ = {
			isa = PBXNativeTarget;
			buildConfigurationList = 6515292A163458B4002A41D8 /* Build configuration list for PBXNativeTarget "libjcocoa" */;
			buildPhases = (
				65152900163458B4002A41D8 /* Sources */,
				65152901163458B4002A41D8 /* Frameworks */,
				65152902163458B4002A41D8 /* Headers */,
			);
			buildRules = (
			);
			dependencies = (
			);
			name = libjcocoa;
			productName = libjcocoa;
			productReference = 65152904163458B4002A41D8 /* libjcocoa.dylib */;
			productType = "com.apple.product-type.library.dynamic";
		};
		65152917163458B4002A41D8 /* libjcocoaTests */ = {
			isa = PBXNativeTarget;
			buildConfigurationList = 6515292D163458B4002A41D8 /* Build configuration list for PBXNativeTarget "libjcocoaTests" */;
			buildPhases = (
				65152913163458B4002A41D8 /* Sources */,
				65152914163458B4002A41D8 /* Frameworks */,
				65152915163458B4002A41D8 /* Resources */,
				65152916163458B4002A41D8 /* ShellScript */,
			);
			buildRules = (
			);
			dependencies = (
				6515291D163458B4002A41D8 /* PBXTargetDependency */,
			);
			name = libjcocoaTests;
			productName = libjcocoaTests;
			productReference = 65152918163458B4002A41D8 /* libjcocoaTests.octest */;
			productType = "com.apple.product-type.bundle";
		};
/* End PBXNativeTarget section */

/* Begin PBXProject section */
		651528FB163458B4002A41D8 /* Project object */ = {
			isa = PBXProject;
			attributes = {
				LastUpgradeCheck = 0450;
				ORGANIZATIONNAME = "Web Lite Solutions";
			};
			buildConfigurationList = 651528FE163458B4002A41D8 /* Build configuration list for PBXProject "libjcocoa" */;
			compatibilityVersion = "Xcode 3.2";
			developmentRegion = English;
			hasScannedForEncodings = 0;
			knownRegions = (
				English,
				en,
			);
			mainGroup = 651528F9163458B4002A41D8;
			productRefGroup = 65152905163458B4002A41D8 /* Products */;
			projectDirPath = "";
			projectRoot = "";
			targets = (
				65152903163458B4002A41D8 /* libjcocoa */,
				65152917163458B4002A41D8 /* libjcocoaTests */,
			);
		};
/* End PBXProject section */

/* Begin PBXResourcesBuildPhase section */
		65152915163458B4002A41D8 /* Resources */ = {
			isa = PBXResourcesBuildPhase;
			buildActionMask = 2147483647;
			files = (
				65152924163458B4002A41D8 /* InfoPlist.strings in Resources */,
				6508F918163A2D97009222BB /* Application.xib in Resources */,
			);
			runOnlyForDeploymentPostprocessing = 0;
		};
/* End PBXResourcesBuildPhase section */

/* Begin PBXShellScriptBuildPhase section */
		65152916163458B4002A41D8 /* ShellScript */ = {
			isa = PBXShellScriptBuildPhase;
			buildActionMask = 2147483647;
			files = (
			);
			inputPaths = (
			);
			outputPaths = (
			);
			runOnlyForDeploymentPostprocessing = 0;
			shellPath = /bin/sh;
			shellScript = "# Run the unit tests in this test bundle.\n\"${SYSTEM_DEVELOPER_DIR}/Tools/RunUnitTests\"\n";
		};
/* End PBXShellScriptBuildPhase section */

/* Begin PBXSourcesBuildPhase section */
		65152900163458B4002A41D8 /* Sources */ = {
			isa = PBXSourcesBuildPhase;
			buildActionMask = 2147483647;
			files = (
				65152912163458B4002A41D8 /* libjcocoa.m in Sources */,
				83CD42CB22A6CE3800F857EC /* JavaUtil.m in Sources */,
				65152933163458E2002A41D8 /* WLJavaProxy.m in Sources */,
				651529471634837A002A41D8 /* jnaexample_NativeClient_Setup.m in Sources */,
			);
			runOnlyForDeploymentPostprocessing = 0;
		};
		65152913163458B4002A41D8 /* Sources */ = {
			isa = PBXSourcesBuildPhase;
			buildActionMask = 2147483647;
			files = (
				65152927163458B4002A41D8 /* libjcocoaTests.m in Sources */,
			);
			runOnlyForDeploymentPostprocessing = 0;
		};
/* End PBXSourcesBuildPhase section */

/* Begin PBXTargetDependency section */
		6515291D163458B4002A41D8 /* PBXTargetDependency */ = {
			isa = PBXTargetDependency;
			target = 65152903163458B4002A41D8 /* libjcocoa */;
			targetProxy = 6515291C163458B4002A41D8 /* PBXContainerItemProxy */;
		};
/* End PBXTargetDependency section */

/* Begin PBXVariantGroup section */
		65152922163458B4002A41D8 /* InfoPlist.strings */ = {
			isa = PBXVariantGroup;
			children = (
				65152923163458B4002A41D8 /* en */,
			);
			name = InfoPlist.strings;
			sourceTree = "<group>";
		};
/* End PBXVariantGroup section */

/* Begin XCBuildConfiguration section */
		65152928163458B4002A41D8 /* Debug */ = {
			isa = XCBuildConfiguration;
			buildSettings = {
				ALWAYS_SEARCH_USER_PATHS = NO;
				ARCHS = "$(ARCHS_STANDARD_64_BIT)";
				CLANG_CXX_LANGUAGE_STANDARD = "gnu++0x";
				CLANG_CXX_LIBRARY = "libc++";
				CLANG_WARN_EMPTY_BODY = YES;
				CLANG_WARN__DUPLICATE_METHOD_MATCH = YES;
				COPY_PHASE_STRIP = NO;
				GCC_C_LANGUAGE_STANDARD = gnu99;
				GCC_DYNAMIC_NO_PIC = NO;
				GCC_ENABLE_OBJC_EXCEPTIONS = YES;
				GCC_OPTIMIZATION_LEVEL = 0;
				GCC_PREPROCESSOR_DEFINITIONS = (
					"DEBUG=1",
					"$(inherited)",
				);
				GCC_SYMBOLS_PRIVATE_EXTERN = NO;
				GCC_WARN_64_TO_32_BIT_CONVERSION = YES;
				GCC_WARN_ABOUT_RETURN_TYPE = YES;
				GCC_WARN_UNINITIALIZED_AUTOS = YES;
				GCC_WARN_UNUSED_VARIABLE = YES;
				HEADER_SEARCH_PATHS = (
					"/Library/Java/JavaVirtualMachines/1.7.0u.jdk/Contents/Home/include/**",
					/System/Library/Frameworks/JavaVM.framework/Frameworks/JavaNativeFoundation.framework/Headers,
				);
				"HEADER_SEARCH_PATHS[arch=*]" = "";
				MACOSX_DEPLOYMENT_TARGET = 10.7;
				ONLY_ACTIVE_ARCH = YES;
				SDKROOT = macosx;
			};
			name = Debug;
		};
		65152929163458B4002A41D8 /* Release */ = {
			isa = XCBuildConfiguration;
			buildSettings = {
				ALWAYS_SEARCH_USER_PATHS = NO;
				ARCHS = "$(ARCHS_STANDARD_64_BIT)";
				CLANG_CXX_LANGUAGE_STANDARD = "gnu++0x";
				CLANG_CXX_LIBRARY = "libc++";
				CLANG_WARN_EMPTY_BODY = YES;
				CLANG_WARN__DUPLICATE_METHOD_MATCH = YES;
				COPY_PHASE_STRIP = YES;
				DEBUG_INFORMATION_FORMAT = "dwarf-with-dsym";
				GCC_C_LANGUAGE_STANDARD = gnu99;
				GCC_ENABLE_OBJC_EXCEPTIONS = YES;
				GCC_WARN_64_TO_32_BIT_CONVERSION = YES;
				GCC_WARN_ABOUT_RETURN_TYPE = YES;
				GCC_WARN_UNINITIALIZED_AUTOS = YES;
				GCC_WARN_UNUSED_VARIABLE = YES;
				HEADER_SEARCH_PATHS = /Library/Java/JavaVirtualMachines/1.7.0u.jdk/Contents/Home/include;
				MACOSX_DEPLOYMENT_TARGET = 10.7;
				SDKROOT = macosx;
			};
			name = Release;
		};
		6515292B163458B4002A41D8 /* Debug */ = {
			isa = XCBuildConfiguration;
			buildSettings = {
				DYLIB_COMPATIBILITY_VERSION = 1;
				DYLIB_CURRENT_VERSION = 1;
				FRAMEWORK_SEARCH_PATHS = (
					"$(inherited)",
					"\"$(SYSTEM_LIBRARY_DIR)/Frameworks/JavaVM.framework/Versions/A/Frameworks\"",
				);
				GCC_PRECOMPILE_PREFIX_HEADER = YES;
				GCC_PREFIX_HEADER = "libjcocoa/libjcocoa-Prefix.pch";
				"HEADER_SEARCH_PATHS[arch=*]" = "/Library/Java/JavaVirtualMachines/1.7.0u.jdk/Contents/Home/include/**";
				MACOSX_DEPLOYMENT_TARGET = 10.7;
				PRODUCT_NAME = "$(TARGET_NAME)";
			};
			name = Debug;
		};
		6515292C163458B4002A41D8 /* Release */ = {
			isa = XCBuildConfiguration;
			buildSettings = {
				DYLIB_COMPATIBILITY_VERSION = 1;
				DYLIB_CURRENT_VERSION = 1;
				FRAMEWORK_SEARCH_PATHS = (
					"$(inherited)",
					"\"$(SYSTEM_LIBRARY_DIR)/Frameworks/JavaVM.framework/Versions/A/Frameworks\"",
				);
				GCC_PRECOMPILE_PREFIX_HEADER = YES;
				GCC_PREFIX_HEADER = "libjcocoa/libjcocoa-Prefix.pch";
				MACOSX_DEPLOYMENT_TARGET = 10.7;
				PRODUCT_NAME = "$(TARGET_NAME)";
			};
			name = Release;
		};
		6515292E163458B4002A41D8 /* Debug */ = {
			isa = XCBuildConfiguration;
			buildSettings = {
				COMBINE_HIDPI_IMAGES = YES;
				FRAMEWORK_SEARCH_PATHS = "\"$(DEVELOPER_LIBRARY_DIR)/Frameworks\"";
				GCC_PRECOMPILE_PREFIX_HEADER = YES;
				GCC_PREFIX_HEADER = "libjcocoa/libjcocoa-Prefix.pch";
				INFOPLIST_FILE = "libjcocoaTests/libjcocoaTests-Info.plist";
				PRODUCT_NAME = "$(TARGET_NAME)";
				WRAPPER_EXTENSION = octest;
			};
			name = Debug;
		};
		6515292F163458B4002A41D8 /* Release */ = {
			isa = XCBuildConfiguration;
			buildSettings = {
				COMBINE_HIDPI_IMAGES = YES;
				FRAMEWORK_SEARCH_PATHS = "\"$(DEVELOPER_LIBRARY_DIR)/Frameworks\"";
				GCC_PRECOMPILE_PREFIX_HEADER = YES;
				GCC_PREFIX_HEADER = "libjcocoa/libjcocoa-Prefix.pch";
				INFOPLIST_FILE = "libjcocoaTests/libjcocoaTests-Info.plist";
				PRODUCT_NAME = "$(TARGET_NAME)";
				WRAPPER_EXTENSION = octest;
			};
			name = Release;
		};
/* End XCBuildConfiguration section */

/* Begin XCConfigurationList section */
		651528FE163458B4002A41D8 /* Build configuration list for PBXProject "libjcocoa" */ = {
			isa = XCConfigurationList;
			buildConfigurations = (
				65152928163458B4002A41D8 /* Debug */,
				65152929163458B4002A41D8 /* Release */,
			);
			defaultConfigurationIsVisible = 0;
			defaultConfigurationName = Release;
		};
		6515292A163458B4002A41D8 /* Build configuration list for PBXNativeTarget "libjcocoa" */ = {
			isa = XCConfigurationList;
			buildConfigurations = (
				6515292B163458B4002A41D8 /* Debug */,
				6515292C163458B4002A41D8 /* Release */,
			);
			defaultConfigurationIsVisible = 0;
			defaultConfigurationName = Release;
		};
		6515292D163458B4002A41D8 /* Build configuration list for PBXNativeTarget "libjcocoaTests" */ = {
			isa = XCConfigurationList;
			buildConfigurations = (
				6515292E163458B4002A41D8 /* Debug */,
				6515292F163458B4002A41D8 /* Release */,
			);
			defaultConfigurationIsVisible = 0;
			defaultConfigurationName = Release;
		};
/* End XCConfigurationList section */
	};
	rootObject = 651528FB163458B4002A41D8 /* Project object */;
}
