// !$*UTF8*$!
{
	archiveVersion = 1;
	classes = {
	};
	objectVersion = 46;
	objects = {

/* Begin PBXBuildFile section */
		6508F916163A015D009222BB /* JavaNativeFoundation.framework in Frameworks */ = {isa = PBXBuildFile; fileRef = 6508F914163A015D009222BB /* JavaNativeFoundation.framework */; };
		65152908163458B4002A41D8 /* Cocoa.framework in Frameworks */ = {isa = PBXBuildFile; fileRef = 65152907163458B4002A41D8 /* Cocoa.framework */; };
		6515291A163458B4002A41D8 /* SenTestingKit.framework in Frameworks */ = {isa = PBXBuildFile; fileRef = 65152919163458B4002A41D8 /* SenTestingKit.framework */; };
		6515291B163458B4002A41D8 /* Cocoa.framework in Frameworks */ = {isa = PBXBuildFile; fileRef = 65152907163458B4002A41D8 /* Cocoa.framework */; };
		6515291E163458B4002A41D8 /* libjcocoa.dylib in Frameworks */ = {isa = PBXBuildFile; fileRef = 65152904163458B4002A41D8 /* libjcocoa.dylib */; };
		832CAC8922CB97BA00CC7F11 /* jni.h in Headers */ = {isa = PBXBuildFile; fileRef = 832CAC8122CB97BA00CC7F11 /* jni.h */; };
		832CAC8A22CB97BA00CC7F11 /* jawt.h in Headers */ = {isa = PBXBuildFile; fileRef = 832CAC8222CB97BA00CC7F11 /* jawt.h */; };
		832CAC8B22CB97BA00CC7F11 /* jvmticmlr.h in Headers */ = {isa = PBXBuildFile; fileRef = 832CAC8322CB97BA00CC7F11 /* jvmticmlr.h */; };
		832CAC8C22CB97BA00CC7F11 /* jdwpTransport.h in Headers */ = {isa = PBXBuildFile; fileRef = 832CAC8422CB97BA00CC7F11 /* jdwpTransport.h */; };
		832CAC8D22CB97BA00CC7F11 /* jni_md.h in Headers */ = {isa = PBXBuildFile; fileRef = 832CAC8522CB97BA00CC7F11 /* jni_md.h */; };
		832CAC8E22CB97BA00CC7F11 /* classfile_constants.h in Headers */ = {isa = PBXBuildFile; fileRef = 832CAC8622CB97BA00CC7F11 /* classfile_constants.h */; };
		832CAC8F22CB97BA00CC7F11 /* jawt_md.h in Headers */ = {isa = PBXBuildFile; fileRef = 832CAC8722CB97BA00CC7F11 /* jawt_md.h */; };
		832CAC9022CB97BA00CC7F11 /* jvmti.h in Headers */ = {isa = PBXBuildFile; fileRef = 832CAC8822CB97BA00CC7F11 /* jvmti.h */; };
		832CAC9F22CB97C400CC7F11 /* JavaUtil.h in Headers */ = {isa = PBXBuildFile; fileRef = 832CAC9222CB97C400CC7F11 /* JavaUtil.h */; };
		832CACA022CB97C400CC7F11 /* libjcocoa.h in Headers */ = {isa = PBXBuildFile; fileRef = 832CAC9322CB97C400CC7F11 /* libjcocoa.h */; };
		832CACA322CB97C400CC7F11 /* jnaexample_NativeClient_Setup.h in Headers */ = {isa = PBXBuildFile; fileRef = 832CAC9822CB97C400CC7F11 /* jnaexample_NativeClient_Setup.h */; };
		832CACA422CB97C400CC7F11 /* libjcocoa-Prefix.pch in Headers */ = {isa = PBXBuildFile; fileRef = 832CAC9922CB97C400CC7F11 /* libjcocoa-Prefix.pch */; };
		832CACA622CB97C400CC7F11 /* jni.h in Headers */ = {isa = PBXBuildFile; fileRef = 832CAC9B22CB97C400CC7F11 /* jni.h */; };
		832CACA722CB97C400CC7F11 /* jni_md.h in Headers */ = {isa = PBXBuildFile; fileRef = 832CAC9C22CB97C400CC7F11 /* jni_md.h */; };
		832CACA822CB97C400CC7F11 /* WLJavaProxy.h in Headers */ = {isa = PBXBuildFile; fileRef = 832CAC9D22CB97C400CC7F11 /* WLJavaProxy.h */; };
		832CACAA22CB97DF00CC7F11 /* libjcocoaTests-Info.plist in Resources */ = {isa = PBXBuildFile; fileRef = 832CACA922CB97DF00CC7F11 /* libjcocoaTests-Info.plist */; };
		832CACAF22CB982800CC7F11 /* Info.plist in Resources */ = {isa = PBXBuildFile; fileRef = 832CACAE22CB982800CC7F11 /* Info.plist */; };
		832CACC522CB98FB00CC7F11 /* JavaUtil.m in Sources */ = {isa = PBXBuildFile; fileRef = 832CAC9422CB97C400CC7F11 /* JavaUtil.m */; };
		832CACC622CB98FB00CC7F11 /* jnaexample_NativeClient_Setup.m in Sources */ = {isa = PBXBuildFile; fileRef = 832CAC9522CB97C400CC7F11 /* jnaexample_NativeClient_Setup.m */; };
		832CACC722CB98FB00CC7F11 /* libjcocoa.m in Sources */ = {isa = PBXBuildFile; fileRef = 832CAC9122CB97C400CC7F11 /* libjcocoa.m */; };
		832CACC822CB98FB00CC7F11 /* WLJavaProxy.m in Sources */ = {isa = PBXBuildFile; fileRef = 832CAC9A22CB97C400CC7F11 /* WLJavaProxy.m */; };
		832CACCB22CB99C700CC7F11 /* libjcocoaTests.m in Sources */ = {isa = PBXBuildFile; fileRef = 832CACC922CB99C700CC7F11 /* libjcocoaTests.m */; };
/* End PBXBuildFile section */

/* Begin PBXContainerItemProxy section */
		6515291C163458B4002A41D8 /* PBXContainerItemProxy */ = {
			isa = PBXContainerItemProxy;
			containerPortal = 651528FB163458B4002A41D8 /* Project object */;
			proxyType = 1;
			remoteGlobalIDString = 65152903163458B4002A41D8;
			remoteInfo = libjcocoa;
		};
/* End PBXContainerItemProxy section */

/* Begin PBXFileReference section */
		6508F914163A015D009222BB /* JavaNativeFoundation.framework */ = {isa = PBXFileReference; lastKnownFileType = wrapper.framework; path = JavaNativeFoundation.framework; sourceTree = "<group>"; };
		65152904163458B4002A41D8 /* libjcocoa.dylib */ = {isa = PBXFileReference; explicitFileType = "compiled.mach-o.dylib"; includeInIndex = 0; path = libjcocoa.dylib; sourceTree = BUILT_PRODUCTS_DIR; };
		65152907163458B4002A41D8 /* Cocoa.framework */ = {isa = PBXFileReference; lastKnownFileType = wrapper.framework; name = Cocoa.framework; path = System/Library/Frameworks/Cocoa.framework; sourceTree = SDKROOT; };
		6515290A163458B4002A41D8 /* AppKit.framework */ = {isa = PBXFileReference; lastKnownFileType = wrapper.framework; name = AppKit.framework; path = System/Library/Frameworks/AppKit.framework; sourceTree = SDKROOT; };
		6515290B163458B4002A41D8 /* CoreData.framework */ = {isa = PBXFileReference; lastKnownFileType = wrapper.framework; name = CoreData.framework; path = System/Library/Frameworks/CoreData.framework; sourceTree = SDKROOT; };
		6515290C163458B4002A41D8 /* Foundation.framework */ = {isa = PBXFileReference; lastKnownFileType = wrapper.framework; name = Foundation.framework; path = System/Library/Frameworks/Foundation.framework; sourceTree = SDKROOT; };
		65152918163458B4002A41D8 /* libjcocoaTests.octest */ = {isa = PBXFileReference; explicitFileType = wrapper.cfbundle; includeInIndex = 0; path = libjcocoaTests.octest; sourceTree = BUILT_PRODUCTS_DIR; };
		65152919163458B4002A41D8 /* SenTestingKit.framework */ = {isa = PBXFileReference; lastKnownFileType = wrapper.framework; name = SenTestingKit.framework; path = Library/Frameworks/SenTestingKit.framework; sourceTree = DEVELOPER_DIR; };
		832CAC8122CB97BA00CC7F11 /* jni.h */ = {isa = PBXFileReference; fileEncoding = 4; lastKnownFileType = sourcecode.c.h; name = jni.h; path = src/main/objectivec/lib/jni.h; sourceTree = SOURCE_ROOT; };
		832CAC8222CB97BA00CC7F11 /* jawt.h */ = {isa = PBXFileReference; fileEncoding = 4; lastKnownFileType = sourcecode.c.h; name = jawt.h; path = src/main/objectivec/lib/jawt.h; sourceTree = SOURCE_ROOT; };
		832CAC8322CB97BA00CC7F11 /* jvmticmlr.h */ = {isa = PBXFileReference; fileEncoding = 4; lastKnownFileType = sourcecode.c.h; name = jvmticmlr.h; path = src/main/objectivec/lib/jvmticmlr.h; sourceTree = SOURCE_ROOT; };
		832CAC8422CB97BA00CC7F11 /* jdwpTransport.h */ = {isa = PBXFileReference; fileEncoding = 4; lastKnownFileType = sourcecode.c.h; name = jdwpTransport.h; path = src/main/objectivec/lib/jdwpTransport.h; sourceTree = SOURCE_ROOT; };
		832CAC8522CB97BA00CC7F11 /* jni_md.h */ = {isa = PBXFileReference; fileEncoding = 4; lastKnownFileType = sourcecode.c.h; name = jni_md.h; path = src/main/objectivec/lib/jni_md.h; sourceTree = SOURCE_ROOT; };
		832CAC8622CB97BA00CC7F11 /* classfile_constants.h */ = {isa = PBXFileReference; fileEncoding = 4; lastKnownFileType = sourcecode.c.h; name = classfile_constants.h; path = src/main/objectivec/lib/classfile_constants.h; sourceTree = SOURCE_ROOT; };
		832CAC8722CB97BA00CC7F11 /* jawt_md.h */ = {isa = PBXFileReference; fileEncoding = 4; lastKnownFileType = sourcecode.c.h; name = jawt_md.h; path = src/main/objectivec/lib/jawt_md.h; sourceTree = SOURCE_ROOT; };
		832CAC8822CB97BA00CC7F11 /* jvmti.h */ = {isa = PBXFileReference; fileEncoding = 4; lastKnownFileType = sourcecode.c.h; name = jvmti.h; path = src/main/objectivec/lib/jvmti.h; sourceTree = SOURCE_ROOT; };
		832CAC9122CB97C400CC7F11 /* libjcocoa.m */ = {isa = PBXFileReference; fileEncoding = 4; lastKnownFileType = sourcecode.c.objc; name = libjcocoa.m; path = src/main/objectivec/libjcocoa/libjcocoa.m; sourceTree = SOURCE_ROOT; };
		832CAC9222CB97C400CC7F11 /* JavaUtil.h */ = {isa = PBXFileReference; fileEncoding = 4; lastKnownFileType = sourcecode.c.h; name = JavaUtil.h; path = src/main/objectivec/libjcocoa/JavaUtil.h; sourceTree = SOURCE_ROOT; };
		832CAC9322CB97C400CC7F11 /* libjcocoa.h */ = {isa = PBXFileReference; fileEncoding = 4; lastKnownFileType = sourcecode.c.h; name = libjcocoa.h; path = src/main/objectivec/libjcocoa/libjcocoa.h; sourceTree = SOURCE_ROOT; };
		832CAC9422CB97C400CC7F11 /* JavaUtil.m */ = {isa = PBXFileReference; fileEncoding = 4; lastKnownFileType = sourcecode.c.objc; name = JavaUtil.m; path = src/main/objectivec/libjcocoa/JavaUtil.m; sourceTree = SOURCE_ROOT; };
		832CAC9522CB97C400CC7F11 /* jnaexample_NativeClient_Setup.m */ = {isa = PBXFileReference; fileEncoding = 4; lastKnownFileType = sourcecode.c.objc; name = jnaexample_NativeClient_Setup.m; path = src/main/objectivec/libjcocoa/jnaexample_NativeClient_Setup.m; sourceTree = SOURCE_ROOT; };
		832CAC9622CB97C400CC7F11 /* Application.xib */ = {isa = PBXFileReference; fileEncoding = 4; lastKnownFileType = file.xib; name = Application.xib; path = src/main/objectivec/libjcocoa/Application.xib; sourceTree = SOURCE_ROOT; };
		832CAC9722CB97C400CC7F11 /* Window.xib */ = {isa = PBXFileReference; fileEncoding = 4; lastKnownFileType = file.xib; name = Window.xib; path = src/main/objectivec/libjcocoa/Window.xib; sourceTree = SOURCE_ROOT; };
		832CAC9822CB97C400CC7F11 /* jnaexample_NativeClient_Setup.h */ = {isa = PBXFileReference; fileEncoding = 4; lastKnownFileType = sourcecode.c.h; name = jnaexample_NativeClient_Setup.h; path = src/main/objectivec/libjcocoa/jnaexample_NativeClient_Setup.h; sourceTree = SOURCE_ROOT; };
		832CAC9922CB97C400CC7F11 /* libjcocoa-Prefix.pch */ = {isa = PBXFileReference; fileEncoding = 4; lastKnownFileType = sourcecode.c.h; name = "libjcocoa-Prefix.pch"; path = "src/main/objectivec/libjcocoa/libjcocoa-Prefix.pch"; sourceTree = SOURCE_ROOT; };
		832CAC9A22CB97C400CC7F11 /* WLJavaProxy.m */ = {isa = PBXFileReference; fileEncoding = 4; lastKnownFileType = sourcecode.c.objc; name = WLJavaProxy.m; path = src/main/objectivec/libjcocoa/WLJavaProxy.m; sourceTree = SOURCE_ROOT; };
		832CAC9B22CB97C400CC7F11 /* jni.h */ = {isa = PBXFileReference; fileEncoding = 4; lastKnownFileType = sourcecode.c.h; name = jni.h; path = src/main/objectivec/libjcocoa/jni.h; sourceTree = SOURCE_ROOT; };
		832CAC9C22CB97C400CC7F11 /* jni_md.h */ = {isa = PBXFileReference; fileEncoding = 4; lastKnownFileType = sourcecode.c.h; name = jni_md.h; path = src/main/objectivec/libjcocoa/jni_md.h; sourceTree = SOURCE_ROOT; };
		832CAC9D22CB97C400CC7F11 /* WLJavaProxy.h */ = {isa = PBXFileReference; fileEncoding = 4; lastKnownFileType = sourcecode.c.h; name = WLJavaProxy.h; path = src/main/objectivec/libjcocoa/WLJavaProxy.h; sourceTree = SOURCE_ROOT; };
		832CACA922CB97DF00CC7F11 /* libjcocoaTests-Info.plist */ = {isa = PBXFileReference; fileEncoding = 4; lastKnownFileType = text.plist.xml; name = "libjcocoaTests-Info.plist"; path = "src/test/objectivec/libjcocoaTests-Info.plist"; sourceTree = SOURCE_ROOT; };
		832CACAE22CB982800CC7F11 /* Info.plist */ = {isa = PBXFileReference; fileEncoding = 4; lastKnownFileType = text.plist.xml; name = Info.plist; path = src/main/objectivec/Info.plist; sourceTree = "<group>"; };
		832CACC922CB99C700CC7F11 /* libjcocoaTests.m */ = {isa = PBXFileReference; fileEncoding = 4; lastKnownFileType = sourcecode.c.objc; name = libjcocoaTests.m; path = src/test/objectivec/libjcocoaTests.m; sourceTree = SOURCE_ROOT; };
		832CACCA22CB99C700CC7F11 /* libjcocoaTests.h */ = {isa = PBXFileReference; fileEncoding = 4; lastKnownFileType = sourcecode.c.h; name = libjcocoaTests.h; path = src/test/objectivec/libjcocoaTests.h; sourceTree = SOURCE_ROOT; };
/* End PBXFileReference section */

/* Begin PBXFrameworksBuildPhase section */
		65152901163458B4002A41D8 /* Frameworks */ = {
			isa = PBXFrameworksBuildPhase;
			buildActionMask = 2147483647;
			files = (
				65152908163458B4002A41D8 /* Cocoa.framework in Frameworks */,
				6508F916163A015D009222BB /* JavaNativeFoundation.framework in Frameworks */,
			);
			runOnlyForDeploymentPostprocessing = 0;
		};
		65152914163458B4002A41D8 /* Frameworks */ = {
			isa = PBXFrameworksBuildPhase;
			buildActionMask = 2147483647;
			files = (
				6515291A163458B4002A41D8 /* SenTestingKit.framework in Frameworks */,
				6515291B163458B4002A41D8 /* Cocoa.framework in Frameworks */,
				6515291E163458B4002A41D8 /* libjcocoa.dylib in Frameworks */,
			);
			runOnlyForDeploymentPostprocessing = 0;
		};
/* End PBXFrameworksBuildPhase section */

/* Begin PBXGroup section */
		6508F913163A015D009222BB /* Frameworks */ = {
			isa = PBXGroup;
			children = (
				6508F914163A015D009222BB /* JavaNativeFoundation.framework */,
			);
			name = Frameworks;
			path = ../../../../../../System/Library/Frameworks/JavaVM.framework/Versions/A/Frameworks;
			sourceTree = "<group>";
		};
		651528F9163458B4002A41D8 = {
			isa = PBXGroup;
			children = (
				832CACAE22CB982800CC7F11 /* Info.plist */,
				6515290D163458B4002A41D8 /* libjcocoa */,
				6515291F163458B4002A41D8 /* libjcocoaTests */,
				65152906163458B4002A41D8 /* Frameworks */,
				65152905163458B4002A41D8 /* Products */,
			);
			sourceTree = "<group>";
		};
		65152905163458B4002A41D8 /* Products */ = {
			isa = PBXGroup;
			children = (
				65152904163458B4002A41D8 /* libjcocoa.dylib */,
				65152918163458B4002A41D8 /* libjcocoaTests.octest */,
			);
			name = Products;
			sourceTree = "<group>";
		};
		65152906163458B4002A41D8 /* Frameworks */ = {
			isa = PBXGroup;
			children = (
				6508F913163A015D009222BB /* Frameworks */,
				65152907163458B4002A41D8 /* Cocoa.framework */,
				65152919163458B4002A41D8 /* SenTestingKit.framework */,
				65152909163458B4002A41D8 /* Other Frameworks */,
			);
			name = Frameworks;
			sourceTree = "<group>";
		};
		65152909163458B4002A41D8 /* Other Frameworks */ = {
			isa = PBXGroup;
			children = (
				6515290A163458B4002A41D8 /* AppKit.framework */,
				6515290B163458B4002A41D8 /* CoreData.framework */,
				6515290C163458B4002A41D8 /* Foundation.framework */,
			);
			name = "Other Frameworks";
			sourceTree = "<group>";
		};
		6515290D163458B4002A41D8 /* libjcocoa */ = {
			isa = PBXGroup;
			children = (
				6515290E163458B4002A41D8 /* Supporting Files */,
				832CAC9622CB97C400CC7F11 /* Application.xib */,
				832CAC9222CB97C400CC7F11 /* JavaUtil.h */,
				832CAC9422CB97C400CC7F11 /* JavaUtil.m */,
				832CAC9822CB97C400CC7F11 /* jnaexample_NativeClient_Setup.h */,
				832CAC9522CB97C400CC7F11 /* jnaexample_NativeClient_Setup.m */,
				832CAC9C22CB97C400CC7F11 /* jni_md.h */,
				832CAC9B22CB97C400CC7F11 /* jni.h */,
				832CAC9922CB97C400CC7F11 /* libjcocoa-Prefix.pch */,
				832CAC9322CB97C400CC7F11 /* libjcocoa.h */,
				832CAC9122CB97C400CC7F11 /* libjcocoa.m */,
				832CAC9722CB97C400CC7F11 /* Window.xib */,
				832CAC9D22CB97C400CC7F11 /* WLJavaProxy.h */,
				832CAC9A22CB97C400CC7F11 /* WLJavaProxy.m */,
			);
			path = libjcocoa;
			sourceTree = "<group>";
		};
		6515290E163458B4002A41D8 /* Supporting Files */ = {
			isa = PBXGroup;
			children = (
				832CAC8622CB97BA00CC7F11 /* classfile_constants.h */,
				832CAC8722CB97BA00CC7F11 /* jawt_md.h */,
				832CAC8222CB97BA00CC7F11 /* jawt.h */,
				832CAC8422CB97BA00CC7F11 /* jdwpTransport.h */,
				832CAC8522CB97BA00CC7F11 /* jni_md.h */,
				832CAC8122CB97BA00CC7F11 /* jni.h */,
				832CAC8822CB97BA00CC7F11 /* jvmti.h */,
				832CAC8322CB97BA00CC7F11 /* jvmticmlr.h */,
			);
			name = "Supporting Files";
			sourceTree = "<group>";
		};
		6515291F163458B4002A41D8 /* libjcocoaTests */ = {
			isa = PBXGroup;
			children = (
				65152920163458B4002A41D8 /* Supporting Files */,
				832CACCA22CB99C700CC7F11 /* libjcocoaTests.h */,
				832CACC922CB99C700CC7F11 /* libjcocoaTests.m */,
			);
			path = libjcocoaTests;
			sourceTree = "<group>";
		};
		65152920163458B4002A41D8 /* Supporting Files */ = {
			isa = PBXGroup;
			children = (
				832CACA922CB97DF00CC7F11 /* libjcocoaTests-Info.plist */,
			);
			name = "Supporting Files";
			sourceTree = "<group>";
		};
/* End PBXGroup section */

/* Begin PBXHeadersBuildPhase section */
		65152902163458B4002A41D8 /* Headers */ = {
			isa = PBXHeadersBuildPhase;
			buildActionMask = 2147483647;
			files = (
				832CACA622CB97C400CC7F11 /* jni.h in Headers */,
				832CAC8B22CB97BA00CC7F11 /* jvmticmlr.h in Headers */,
				832CAC9F22CB97C400CC7F11 /* JavaUtil.h in Headers */,
				832CAC8A22CB97BA00CC7F11 /* jawt.h in Headers */,
				832CACA822CB97C400CC7F11 /* WLJavaProxy.h in Headers */,
				832CACA022CB97C400CC7F11 /* libjcocoa.h in Headers */,
				832CAC8922CB97BA00CC7F11 /* jni.h in Headers */,
				832CAC8E22CB97BA00CC7F11 /* classfile_constants.h in Headers */,
				832CACA422CB97C400CC7F11 /* libjcocoa-Prefix.pch in Headers */,
				832CAC8F22CB97BA00CC7F11 /* jawt_md.h in Headers */,
				832CAC8C22CB97BA00CC7F11 /* jdwpTransport.h in Headers */,
				832CAC8D22CB97BA00CC7F11 /* jni_md.h in Headers */,
				832CAC9022CB97BA00CC7F11 /* jvmti.h in Headers */,
				832CACA322CB97C400CC7F11 /* jnaexample_NativeClient_Setup.h in Headers */,
				832CACA722CB97C400CC7F11 /* jni_md.h in Headers */,
			);
			runOnlyForDeploymentPostprocessing = 0;
		};
/* End PBXHeadersBuildPhase section */

/* Begin PBXNativeTarget section */
		65152903163458B4002A41D8 /* libjcocoa */ = {
			isa = PBXNativeTarget;
			buildConfigurationList = 6515292A163458B4002A41D8 /* Build configuration list for PBXNativeTarget "libjcocoa" */;
			buildPhases = (
				65152900163458B4002A41D8 /* Sources */,
				65152901163458B4002A41D8 /* Frameworks */,
				65152902163458B4002A41D8 /* Headers */,
			);
			buildRules = (
			);
			dependencies = (
			);
			name = libjcocoa;
			productName = libjcocoa;
			productReference = 65152904163458B4002A41D8 /* libjcocoa.dylib */;
			productType = "com.apple.product-type.library.dynamic";
		};
		65152917163458B4002A41D8 /* libjcocoaTests */ = {
			isa = PBXNativeTarget;
			buildConfigurationList = 6515292D163458B4002A41D8 /* Build configuration list for PBXNativeTarget "libjcocoaTests" */;
			buildPhases = (
				65152913163458B4002A41D8 /* Sources */,
				65152914163458B4002A41D8 /* Frameworks */,
				65152915163458B4002A41D8 /* Resources */,
				65152916163458B4002A41D8 /* ShellScript */,
			);
			buildRules = (
			);
			dependencies = (
				6515291D163458B4002A41D8 /* PBXTargetDependency */,
			);
			name = libjcocoaTests;
			productName = libjcocoaTests;
			productReference = 65152918163458B4002A41D8 /* libjcocoaTests.octest */;
			productType = "com.apple.product-type.bundle";
		};
/* End PBXNativeTarget section */

/* Begin PBXProject section */
		651528FB163458B4002A41D8 /* Project object */ = {
			isa = PBXProject;
			attributes = {
				LastUpgradeCheck = 1020;
				ORGANIZATIONNAME = "Web Lite Solutions";
			};
			buildConfigurationList = 651528FE163458B4002A41D8 /* Build configuration list for PBXProject "libjcocoa" */;
			compatibilityVersion = "Xcode 3.2";
			developmentRegion = en;
			hasScannedForEncodings = 0;
			knownRegions = (
				en,
				Base,
			);
			mainGroup = 651528F9163458B4002A41D8;
			productRefGroup = 65152905163458B4002A41D8 /* Products */;
			projectDirPath = "";
			projectRoot = "";
			targets = (
				65152903163458B4002A41D8 /* libjcocoa */,
				65152917163458B4002A41D8 /* libjcocoaTests */,
			);
		};
/* End PBXProject section */

/* Begin PBXResourcesBuildPhase section */
		65152915163458B4002A41D8 /* Resources */ = {
			isa = PBXResourcesBuildPhase;
			buildActionMask = 2147483647;
			files = (
				832CACAF22CB982800CC7F11 /* Info.plist in Resources */,
				832CACAA22CB97DF00CC7F11 /* libjcocoaTests-Info.plist in Resources */,
			);
			runOnlyForDeploymentPostprocessing = 0;
		};
/* End PBXResourcesBuildPhase section */

/* Begin PBXShellScriptBuildPhase section */
		65152916163458B4002A41D8 /* ShellScript */ = {
			isa = PBXShellScriptBuildPhase;
			buildActionMask = 2147483647;
			files = (
			);
			inputPaths = (
			);
			outputPaths = (
			);
			runOnlyForDeploymentPostprocessing = 0;
			shellPath = /bin/sh;
			shellScript = "# Run the unit tests in this test bundle.\n\"${SYSTEM_DEVELOPER_DIR}/Tools/RunUnitTests\"\n";
		};
/* End PBXShellScriptBuildPhase section */

/* Begin PBXSourcesBuildPhase section */
		65152900163458B4002A41D8 /* Sources */ = {
			isa = PBXSourcesBuildPhase;
			buildActionMask = 2147483647;
			files = (
				832CACC522CB98FB00CC7F11 /* JavaUtil.m in Sources */,
				832CACC622CB98FB00CC7F11 /* jnaexample_NativeClient_Setup.m in Sources */,
				832CACC722CB98FB00CC7F11 /* libjcocoa.m in Sources */,
				832CACC822CB98FB00CC7F11 /* WLJavaProxy.m in Sources */,
			);
			runOnlyForDeploymentPostprocessing = 0;
		};
		65152913163458B4002A41D8 /* Sources */ = {
			isa = PBXSourcesBuildPhase;
			buildActionMask = 2147483647;
			files = (
				832CACCB22CB99C700CC7F11 /* libjcocoaTests.m in Sources */,
			);
			runOnlyForDeploymentPostprocessing = 0;
		};
/* End PBXSourcesBuildPhase section */

/* Begin PBXTargetDependency section */
		6515291D163458B4002A41D8 /* PBXTargetDependency */ = {
			isa = PBXTargetDependency;
			target = 65152903163458B4002A41D8 /* libjcocoa */;
			targetProxy = 6515291C163458B4002A41D8 /* PBXContainerItemProxy */;
		};
/* End PBXTargetDependency section */

/* Begin XCBuildConfiguration section */
		65152928163458B4002A41D8 /* Debug */ = {
			isa = XCBuildConfiguration;
			buildSettings = {
				ALWAYS_SEARCH_USER_PATHS = NO;
				CLANG_ANALYZER_LOCALIZABILITY_NONLOCALIZED = YES;
				CLANG_CXX_LANGUAGE_STANDARD = "gnu++0x";
				CLANG_CXX_LIBRARY = "libc++";
				CLANG_WARN_BLOCK_CAPTURE_AUTORELEASING = YES;
				CLANG_WARN_BOOL_CONVERSION = YES;
				CLANG_WARN_COMMA = YES;
				CLANG_WARN_CONSTANT_CONVERSION = YES;
				CLANG_WARN_DEPRECATED_OBJC_IMPLEMENTATIONS = YES;
				CLANG_WARN_EMPTY_BODY = YES;
				CLANG_WARN_ENUM_CONVERSION = YES;
				CLANG_WARN_INFINITE_RECURSION = YES;
				CLANG_WARN_INT_CONVERSION = YES;
				CLANG_WARN_NON_LITERAL_NULL_CONVERSION = YES;
				CLANG_WARN_OBJC_IMPLICIT_RETAIN_SELF = YES;
				CLANG_WARN_OBJC_LITERAL_CONVERSION = YES;
				CLANG_WARN_RANGE_LOOP_ANALYSIS = YES;
				CLANG_WARN_STRICT_PROTOTYPES = YES;
				CLANG_WARN_SUSPICIOUS_MOVE = YES;
				CLANG_WARN_UNREACHABLE_CODE = YES;
				CLANG_WARN__DUPLICATE_METHOD_MATCH = YES;
				COPY_PHASE_STRIP = NO;
				ENABLE_STRICT_OBJC_MSGSEND = YES;
				ENABLE_TESTABILITY = YES;
				GCC_C_LANGUAGE_STANDARD = gnu99;
				GCC_DYNAMIC_NO_PIC = NO;
				GCC_ENABLE_OBJC_EXCEPTIONS = YES;
				GCC_NO_COMMON_BLOCKS = YES;
				GCC_OPTIMIZATION_LEVEL = 0;
				GCC_PREPROCESSOR_DEFINITIONS = (
					"DEBUG=1",
					"$(inherited)",
				);
				GCC_SYMBOLS_PRIVATE_EXTERN = NO;
				GCC_WARN_64_TO_32_BIT_CONVERSION = YES;
				GCC_WARN_ABOUT_RETURN_TYPE = YES;
				GCC_WARN_UNDECLARED_SELECTOR = YES;
				GCC_WARN_UNINITIALIZED_AUTOS = YES;
				GCC_WARN_UNUSED_FUNCTION = YES;
				GCC_WARN_UNUSED_VARIABLE = YES;
				HEADER_SEARCH_PATHS = (
					"/Library/Java/JavaVirtualMachines/1.7.0u.jdk/Contents/Home/include/**",
					/System/Library/Frameworks/JavaVM.framework/Frameworks/JavaNativeFoundation.framework/Headers,
				);
				"HEADER_SEARCH_PATHS[arch=*]" = "";
				MACOSX_DEPLOYMENT_TARGET = 10.7;
				ONLY_ACTIVE_ARCH = YES;
				SDKROOT = macosx;
			};
			name = Debug;
		};
		65152929163458B4002A41D8 /* Release */ = {
			isa = XCBuildConfiguration;
			buildSettings = {
				ALWAYS_SEARCH_USER_PATHS = NO;
				CLANG_ANALYZER_LOCALIZABILITY_NONLOCALIZED = YES;
				CLANG_CXX_LANGUAGE_STANDARD = "gnu++0x";
				CLANG_CXX_LIBRARY = "libc++";
				CLANG_WARN_BLOCK_CAPTURE_AUTORELEASING = YES;
				CLANG_WARN_BOOL_CONVERSION = YES;
				CLANG_WARN_COMMA = YES;
				CLANG_WARN_CONSTANT_CONVERSION = YES;
				CLANG_WARN_DEPRECATED_OBJC_IMPLEMENTATIONS = YES;
				CLANG_WARN_EMPTY_BODY = YES;
				CLANG_WARN_ENUM_CONVERSION = YES;
				CLANG_WARN_INFINITE_RECURSION = YES;
				CLANG_WARN_INT_CONVERSION = YES;
				CLANG_WARN_NON_LITERAL_NULL_CONVERSION = YES;
				CLANG_WARN_OBJC_IMPLICIT_RETAIN_SELF = YES;
				CLANG_WARN_OBJC_LITERAL_CONVERSION = YES;
				CLANG_WARN_RANGE_LOOP_ANALYSIS = YES;
				CLANG_WARN_STRICT_PROTOTYPES = YES;
				CLANG_WARN_SUSPICIOUS_MOVE = YES;
				CLANG_WARN_UNREACHABLE_CODE = YES;
				CLANG_WARN__DUPLICATE_METHOD_MATCH = YES;
				COPY_PHASE_STRIP = YES;
				DEBUG_INFORMATION_FORMAT = "dwarf-with-dsym";
				ENABLE_STRICT_OBJC_MSGSEND = YES;
				GCC_C_LANGUAGE_STANDARD = gnu99;
				GCC_ENABLE_OBJC_EXCEPTIONS = YES;
				GCC_NO_COMMON_BLOCKS = YES;
				GCC_WARN_64_TO_32_BIT_CONVERSION = YES;
				GCC_WARN_ABOUT_RETURN_TYPE = YES;
				GCC_WARN_UNDECLARED_SELECTOR = YES;
				GCC_WARN_UNINITIALIZED_AUTOS = YES;
				GCC_WARN_UNUSED_FUNCTION = YES;
				GCC_WARN_UNUSED_VARIABLE = YES;
				HEADER_SEARCH_PATHS = /Library/Java/JavaVirtualMachines/1.7.0u.jdk/Contents/Home/include;
				MACOSX_DEPLOYMENT_TARGET = 10.7;
				SDKROOT = macosx;
			};
			name = Release;
		};
		6515292B163458B4002A41D8 /* Debug */ = {
			isa = XCBuildConfiguration;
			buildSettings = {
				CLANG_ENABLE_OBJC_WEAK = YES;
				DYLIB_COMPATIBILITY_VERSION = 1;
				DYLIB_CURRENT_VERSION = 1;
				FRAMEWORK_SEARCH_PATHS = (
					"$(inherited)",
					"\"$(SYSTEM_LIBRARY_DIR)/Frameworks/JavaVM.framework/Versions/A/Frameworks\"",
				);
				GCC_PRECOMPILE_PREFIX_HEADER = YES;
				GCC_PREFIX_HEADER = "libjcocoa/libjcocoa-Prefix.pch";
				"HEADER_SEARCH_PATHS[arch=*]" = "/Library/Java/JavaVirtualMachines/1.7.0u.jdk/Contents/Home/include/**";
				MACOSX_DEPLOYMENT_TARGET = 10.7;
				PRODUCT_NAME = "$(TARGET_NAME)";
			};
			name = Debug;
		};
		6515292C163458B4002A41D8 /* Release */ = {
			isa = XCBuildConfiguration;
			buildSettings = {
				CLANG_ENABLE_OBJC_WEAK = YES;
				DYLIB_COMPATIBILITY_VERSION = 1;
				DYLIB_CURRENT_VERSION = 1;
				FRAMEWORK_SEARCH_PATHS = (
					"$(inherited)",
					"\"$(SYSTEM_LIBRARY_DIR)/Frameworks/JavaVM.framework/Versions/A/Frameworks\"",
				);
				GCC_PRECOMPILE_PREFIX_HEADER = YES;
				GCC_PREFIX_HEADER = "libjcocoa/libjcocoa-Prefix.pch";
				MACOSX_DEPLOYMENT_TARGET = 10.7;
				PRODUCT_NAME = "$(TARGET_NAME)";
			};
			name = Release;
		};
		6515292E163458B4002A41D8 /* Debug */ = {
			isa = XCBuildConfiguration;
			buildSettings = {
				CLANG_ENABLE_OBJC_WEAK = YES;
				COMBINE_HIDPI_IMAGES = YES;
				FRAMEWORK_SEARCH_PATHS = "\"$(DEVELOPER_LIBRARY_DIR)/Frameworks\"";
				GCC_PRECOMPILE_PREFIX_HEADER = YES;
				GCC_PREFIX_HEADER = "libjcocoa/libjcocoa-Prefix.pch";
				INFOPLIST_FILE = "libjcocoaTests/libjcocoaTests-Info.plist";
				PRODUCT_NAME = "$(TARGET_NAME)";
				WRAPPER_EXTENSION = octest;
			};
			name = Debug;
		};
		6515292F163458B4002A41D8 /* Release */ = {
			isa = XCBuildConfiguration;
			buildSettings = {
				CLANG_ENABLE_OBJC_WEAK = YES;
				COMBINE_HIDPI_IMAGES = YES;
				FRAMEWORK_SEARCH_PATHS = "\"$(DEVELOPER_LIBRARY_DIR)/Frameworks\"";
				GCC_PRECOMPILE_PREFIX_HEADER = YES;
				GCC_PREFIX_HEADER = "libjcocoa/libjcocoa-Prefix.pch";
				INFOPLIST_FILE = "libjcocoaTests/libjcocoaTests-Info.plist";
				PRODUCT_NAME = "$(TARGET_NAME)";
				WRAPPER_EXTENSION = octest;
			};
			name = Release;
		};
/* End XCBuildConfiguration section */

/* Begin XCConfigurationList section */
		651528FE163458B4002A41D8 /* Build configuration list for PBXProject "libjcocoa" */ = {
			isa = XCConfigurationList;
			buildConfigurations = (
				65152928163458B4002A41D8 /* Debug */,
				65152929163458B4002A41D8 /* Release */,
			);
			defaultConfigurationIsVisible = 0;
			defaultConfigurationName = Release;
		};
		6515292A163458B4002A41D8 /* Build configuration list for PBXNativeTarget "libjcocoa" */ = {
			isa = XCConfigurationList;
			buildConfigurations = (
				6515292B163458B4002A41D8 /* Debug */,
				6515292C163458B4002A41D8 /* Release */,
			);
			defaultConfigurationIsVisible = 0;
			defaultConfigurationName = Release;
		};
		6515292D163458B4002A41D8 /* Build configuration list for PBXNativeTarget "libjcocoaTests" */ = {
			isa = XCConfigurationList;
			buildConfigurations = (
				6515292E163458B4002A41D8 /* Debug */,
				6515292F163458B4002A41D8 /* Release */,
			);
			defaultConfigurationIsVisible = 0;
			defaultConfigurationName = Release;
		};
/* End XCConfigurationList section */
	};
	rootObject = 651528FB163458B4002A41D8 /* Project object */;
}
